# THIS IS AN AUTOGENERATED FILE. DO NOT EDIT THIS FILE DIRECTLY.
# yarn lockfile v1


"@faker-js/faker@^8.2.0":
  version "8.2.0"
  resolved "https://registry.yarnpkg.com/@faker-js/faker/-/faker-8.2.0.tgz#d4656d2cb485fe6ec4e7b340da9f16fac2c36c4a"
  integrity sha512-VacmzZqVxdWdf9y64lDOMZNDMM/FQdtM9IsaOPKOm2suYwEatb8VkdHqOzXcDnZbk7YDE2BmsJmy/2Hmkn563g==

luxon@^3.4.3:
  version "3.4.3"
  resolved "https://registry.yarnpkg.com/luxon/-/luxon-3.4.3.tgz#8ddf0358a9492267ffec6a13675fbaab5551315d"
  integrity sha512-tFWBiv3h7z+T/tDaoxA8rqTxy1CHV6gHS//QdaH4pulbq/JuBSGgQspQQqcgnwdAx6pNI7cmvz5Sv/addzHmUg==

uuid@^9.0.1:
  version "9.0.1"
  resolved "https://registry.yarnpkg.com/uuid/-/uuid-9.0.1.tgz#e188d4c8853cc722220392c424cd637f32293f30"
  integrity sha512-b+1eJOlsR9K8HJpow9Ok3fiWOWSIcIzXodvv0rQjVoOVNpWMpxf1wZNpt4y9h10odCNrqnYp1OBzRktckBe3sA==
